
Microsoft Visual Studio Solution File, Format Version 12.00
# Visual Studio Version 16
VisualStudioVersion = 16.0.32929.386
MinimumVisualStudioVersion = 10.0.40219.1
Project("{FAE04EC0-301F-11D3-BF4B-00C04F79EFBC}") = "Solar Panel Calculator alternate", "Solar Panel Calculator alternate\Solar Panel Calculator alternate.csproj", "{340D86D0-EB7D-416A-B93B-9512C17B10F3}"
EndProject
Global
	GlobalSection(SolutionConfigurationPlatforms) = preSolution
		Debug|Any CPU = Debug|Any CPU
		Release|Any CPU = Release|Any CPU
	EndGlobalSection
	GlobalSection(ProjectConfigurationPlatforms) = postSolution
		{340D86D0-EB7D-416A-B93B-9512C17B10F3}.Debug|Any CPU.ActiveCfg = Debug|Any CPU
		{340D86D0-EB7D-416A-B93B-9512C17B10F3}.Debug|Any CPU.Build.0 = Debug|Any CPU
		{340D86D0-EB7D-416A-B93B-9512C17B10F3}.Release|Any CPU.ActiveCfg = Release|Any CPU
		{340D86D0-EB7D-416A-B93B-9512C17B10F3}.Release|Any CPU.Build.0 = Release|Any CPU
	EndGlobalSection
	GlobalSection(SolutionProperties) = preSolution
		HideSolutionNode = FALSE
	EndGlobalSection
	GlobalSection(ExtensibilityGlobals) = postSolution
		SolutionGuid = {75219E0E-1F57-41C6-8D2C-8AF05E1BF3A8}
	EndGlobalSection
EndGlobal
